
Microsoft Visual Studio Solution File, Format Version 12.00
# Visual Studio Version 16
VisualStudioVersion = 16.0.29509.3
MinimumVisualStudioVersion = 10.0.40219.1
Project("{FAE04EC0-301F-11D3-BF4B-00C04F79EFBC}") = "Exercise", "Exercise\Exercise.csproj", "{59AF569E-4CB5-4AB8-85ED-C0767983F9C3}"
EndProject
Global
	GlobalSection(SolutionConfigurationPlatforms) = preSolution
		Debug|Any CPU = Debug|Any CPU
		Release|Any CPU = Release|Any CPU
	EndGlobalSection
	GlobalSection(ProjectConfigurationPlatforms) = postSolution
		{59AF569E-4CB5-4AB8-85ED-C0767983F9C3}.Debug|Any CPU.ActiveCfg = Debug|Any CPU
		{59AF569E-4CB5-4AB8-85ED-C0767983F9C3}.Debug|Any CPU.Build.0 = Debug|Any CPU
		{59AF569E-4CB5-4AB8-85ED-C0767983F9C3}.Release|Any CPU.ActiveCfg = Release|Any CPU
		{59AF569E-4CB5-4AB8-85ED-C0767983F9C3}.Release|Any CPU.Build.0 = Release|Any CPU
	EndGlobalSection
	GlobalSection(SolutionProperties) = preSolution
		HideSolutionNode = FALSE
	EndGlobalSection
	GlobalSection(ExtensibilityGlobals) = postSolution
		SolutionGuid = {A0168066-E107-4DF2-907F-E51D7DFFB8F2}
	EndGlobalSection
EndGlobal
